
Microsoft Visual Studio Solution File, Format Version 12.00
# Visual Studio Version 16
VisualStudioVersion = 16.0.30330.147
MinimumVisualStudioVersion = 10.0.40219.1
Project("{9A19103F-16F7-4668-BE54-9A1E7A4F7556}") = "OCPPrinciple", "OCPPrinciple\OCPPrinciple.csproj", "{C3784AA0-C252-40EE-A37B-2A7AB8E5E702}"
EndProject
Project("{9A19103F-16F7-4668-BE54-9A1E7A4F7556}") = "LSPPrinciple", "LSPPrinciple\LSPPrinciple.csproj", "{36B34138-4007-4ABB-BC2D-75692C4661F2}"
EndProject
Project("{9A19103F-16F7-4668-BE54-9A1E7A4F7556}") = "ISPPrinciple", "ISPPrinciple\ISPPrinciple.csproj", "{8DCFA0E9-892F-4633-A96B-AA4CC148395A}"
EndProject
Project("{FAE04EC0-301F-11D3-BF4B-00C04F79EFBC}") = "SRPPrinciple", "SRPPrinciple\SRPPrinciple.csproj", "{04EE8B8C-3749-4496-AEFF-EF926995D3B4}"
EndProject
Project("{FAE04EC0-301F-11D3-BF4B-00C04F79EFBC}") = "DIPPrinciple", "DIPPrinciple\DIPPrinciple.csproj", "{035FBAF3-7DD8-4AAA-971C-3CAC02AF79FC}"
EndProject
Global
	GlobalSection(SolutionConfigurationPlatforms) = preSolution
		Debug|Any CPU = Debug|Any CPU
		Release|Any CPU = Release|Any CPU
	EndGlobalSection
	GlobalSection(ProjectConfigurationPlatforms) = postSolution
		{C3784AA0-C252-40EE-A37B-2A7AB8E5E702}.Debug|Any CPU.ActiveCfg = Debug|Any CPU
		{C3784AA0-C252-40EE-A37B-2A7AB8E5E702}.Debug|Any CPU.Build.0 = Debug|Any CPU
		{C3784AA0-C252-40EE-A37B-2A7AB8E5E702}.Release|Any CPU.ActiveCfg = Release|Any CPU
		{C3784AA0-C252-40EE-A37B-2A7AB8E5E702}.Release|Any CPU.Build.0 = Release|Any CPU
		{36B34138-4007-4ABB-BC2D-75692C4661F2}.Debug|Any CPU.ActiveCfg = Debug|Any CPU
		{36B34138-4007-4ABB-BC2D-75692C4661F2}.Debug|Any CPU.Build.0 = Debug|Any CPU
		{36B34138-4007-4ABB-BC2D-75692C4661F2}.Release|Any CPU.ActiveCfg = Release|Any CPU
		{36B34138-4007-4ABB-BC2D-75692C4661F2}.Release|Any CPU.Build.0 = Release|Any CPU
		{8DCFA0E9-892F-4633-A96B-AA4CC148395A}.Debug|Any CPU.ActiveCfg = Debug|Any CPU
		{8DCFA0E9-892F-4633-A96B-AA4CC148395A}.Debug|Any CPU.Build.0 = Debug|Any CPU
		{8DCFA0E9-892F-4633-A96B-AA4CC148395A}.Release|Any CPU.ActiveCfg = Release|Any CPU
		{8DCFA0E9-892F-4633-A96B-AA4CC148395A}.Release|Any CPU.Build.0 = Release|Any CPU
		{04EE8B8C-3749-4496-AEFF-EF926995D3B4}.Debug|Any CPU.ActiveCfg = Debug|Any CPU
		{04EE8B8C-3749-4496-AEFF-EF926995D3B4}.Debug|Any CPU.Build.0 = Debug|Any CPU
		{04EE8B8C-3749-4496-AEFF-EF926995D3B4}.Release|Any CPU.ActiveCfg = Release|Any CPU
		{04EE8B8C-3749-4496-AEFF-EF926995D3B4}.Release|Any CPU.Build.0 = Release|Any CPU
		{035FBAF3-7DD8-4AAA-971C-3CAC02AF79FC}.Debug|Any CPU.ActiveCfg = Debug|Any CPU
		{035FBAF3-7DD8-4AAA-971C-3CAC02AF79FC}.Debug|Any CPU.Build.0 = Debug|Any CPU
		{035FBAF3-7DD8-4AAA-971C-3CAC02AF79FC}.Release|Any CPU.ActiveCfg = Release|Any CPU
		{035FBAF3-7DD8-4AAA-971C-3CAC02AF79FC}.Release|Any CPU.Build.0 = Release|Any CPU
	EndGlobalSection
	GlobalSection(SolutionProperties) = preSolution
		HideSolutionNode = FALSE
	EndGlobalSection
	GlobalSection(ExtensibilityGlobals) = postSolution
		SolutionGuid = {3A1A4A73-8B23-4D7A-8AB2-21D6FE132CF3}
	EndGlobalSection
EndGlobal
